
Microsoft Visual Studio Solution File, Format Version 11.00
# Visual Studio 2010
Project("{FAE04EC0-301F-11D3-BF4B-00C04F79EFBC}") = "UpdaterSample", "UpdaterSample.csproj", "{E84A8161-EC27-400A-BDD9-8DC0F2D7E0AB}"
EndProject
Global
	GlobalSection(SolutionConfigurationPlatforms) = preSolution
		Debug|x86 = Debug|x86
		Release|x86 = Release|x86
		AppStore|x86 = AppStore|x86
	EndGlobalSection
	GlobalSection(ProjectConfigurationPlatforms) = postSolution
		{E84A8161-EC27-400A-BDD9-8DC0F2D7E0AB}.AppStore|x86.ActiveCfg = AppStore|x86
		{E84A8161-EC27-400A-BDD9-8DC0F2D7E0AB}.AppStore|x86.Build.0 = AppStore|x86
		{E84A8161-EC27-400A-BDD9-8DC0F2D7E0AB}.Debug|x86.ActiveCfg = Debug|x86
		{E84A8161-EC27-400A-BDD9-8DC0F2D7E0AB}.Debug|x86.Build.0 = Debug|x86
		{E84A8161-EC27-400A-BDD9-8DC0F2D7E0AB}.Release|x86.ActiveCfg = Release|x86
		{E84A8161-EC27-400A-BDD9-8DC0F2D7E0AB}.Release|x86.Build.0 = Release|x86
	EndGlobalSection
	GlobalSection(MonoDevelopProperties) = preSolution
		StartupItem = UpdaterSample.csproj
	EndGlobalSection
EndGlobal
